
Microsoft Visual Studio Solution File, Format Version 12.00
Project("{FAE04EC0-301F-11D3-BF4B-00C04F79EFBC}") = "AtCoderLibraryCSharp", "src/AtCoderLibraryCSharp/AtCoderLibraryCSharp.csproj", "{5731C955-AF17-4832-B377-FA72DE6112C2}"
EndProject
Project("{FAE04EC0-301F-11D3-BF4B-00C04F79EFBC}") = "AtCoderLibraryCSharp.Tests", "tests/AtCoderLibraryCSharp.Tests\AtCoderLibraryCSharp.Tests.csproj", "{C2783ACF-74E4-42FD-BC6C-025E7ADA8A14}"
EndProject
Project("{FAE04EC0-301F-11D3-BF4B-00C04F79EFBC}") = "AtCoderLibraryCSharp.Examples", "src\AtCoderLibraryCSharp.Examples\AtCoderLibraryCSharp.Examples.csproj", "{1248A6CC-AD95-4E25-8B9C-E5674FB67A11}"
EndProject
Project("{FAE04EC0-301F-11D3-BF4B-00C04F79EFBC}") = "AtCoderLibraryCSharp.Examples.Tests", "tests\AtCoderLibraryCSharp.Examples.Tests\AtCoderLibraryCSharp.Examples.Tests.csproj", "{D559E6E8-479E-4A1F-90DF-8B9EFEA7C1F6}"
EndProject
Global
	GlobalSection(SolutionConfigurationPlatforms) = preSolution
		Debug|Any CPU = Debug|Any CPU
		Release|Any CPU = Release|Any CPU
	EndGlobalSection
	GlobalSection(ProjectConfigurationPlatforms) = postSolution
		{5731C955-AF17-4832-B377-FA72DE6112C2}.Debug|Any CPU.ActiveCfg = Debug|Any CPU
		{5731C955-AF17-4832-B377-FA72DE6112C2}.Debug|Any CPU.Build.0 = Debug|Any CPU
		{5731C955-AF17-4832-B377-FA72DE6112C2}.Release|Any CPU.ActiveCfg = Release|Any CPU
		{5731C955-AF17-4832-B377-FA72DE6112C2}.Release|Any CPU.Build.0 = Release|Any CPU
		{C2783ACF-74E4-42FD-BC6C-025E7ADA8A14}.Debug|Any CPU.ActiveCfg = Debug|Any CPU
		{C2783ACF-74E4-42FD-BC6C-025E7ADA8A14}.Debug|Any CPU.Build.0 = Debug|Any CPU
		{C2783ACF-74E4-42FD-BC6C-025E7ADA8A14}.Release|Any CPU.ActiveCfg = Release|Any CPU
		{C2783ACF-74E4-42FD-BC6C-025E7ADA8A14}.Release|Any CPU.Build.0 = Release|Any CPU
		{1248A6CC-AD95-4E25-8B9C-E5674FB67A11}.Debug|Any CPU.ActiveCfg = Debug|Any CPU
		{1248A6CC-AD95-4E25-8B9C-E5674FB67A11}.Debug|Any CPU.Build.0 = Debug|Any CPU
		{1248A6CC-AD95-4E25-8B9C-E5674FB67A11}.Release|Any CPU.ActiveCfg = Release|Any CPU
		{1248A6CC-AD95-4E25-8B9C-E5674FB67A11}.Release|Any CPU.Build.0 = Release|Any CPU
		{D559E6E8-479E-4A1F-90DF-8B9EFEA7C1F6}.Debug|Any CPU.ActiveCfg = Debug|Any CPU
		{D559E6E8-479E-4A1F-90DF-8B9EFEA7C1F6}.Debug|Any CPU.Build.0 = Debug|Any CPU
		{D559E6E8-479E-4A1F-90DF-8B9EFEA7C1F6}.Release|Any CPU.ActiveCfg = Release|Any CPU
		{D559E6E8-479E-4A1F-90DF-8B9EFEA7C1F6}.Release|Any CPU.Build.0 = Release|Any CPU
	EndGlobalSection
EndGlobal
